
Microsoft Visual Studio Solution File, Format Version 12.00
# Visual Studio Version 17
VisualStudioVersion = 17.6.33815.320
MinimumVisualStudioVersion = 10.0.40219.1
Project("{FAE04EC0-301F-11D3-BF4B-00C04F79EFBC}") = "FuelPredictor", "FuelPredictor.csproj", "{6A8284C5-A3BD-4246-87FB-EDB9190DA73E}"
EndProject
Global
	GlobalSection(SolutionConfigurationPlatforms) = preSolution
		Debug|Any CPU = Debug|Any CPU
		Release|Any CPU = Release|Any CPU
	EndGlobalSection
	GlobalSection(ProjectConfigurationPlatforms) = postSolution
		{6A8284C5-A3BD-4246-87FB-EDB9190DA73E}.Debug|Any CPU.ActiveCfg = Debug|Any CPU
		{6A8284C5-A3BD-4246-87FB-EDB9190DA73E}.Debug|Any CPU.Build.0 = Debug|Any CPU
		{6A8284C5-A3BD-4246-87FB-EDB9190DA73E}.Release|Any CPU.ActiveCfg = Release|Any CPU
		{6A8284C5-A3BD-4246-87FB-EDB9190DA73E}.Release|Any CPU.Build.0 = Release|Any CPU
	EndGlobalSection
	GlobalSection(SolutionProperties) = preSolution
		HideSolutionNode = FALSE
	EndGlobalSection
	GlobalSection(ExtensibilityGlobals) = postSolution
		SolutionGuid = {CE52D4DE-5C2D-46D1-B764-CBB810E24130}
	EndGlobalSection
EndGlobal
